
Microsoft Visual Studio Solution File, Format Version 12.00
# Visual Studio Version 17
VisualStudioVersion = 17.1.32228.430
MinimumVisualStudioVersion = 10.0.40219.1
Project("{FAE04EC0-301F-11D3-BF4B-00C04F79EFBC}") = "task2_project", "task2_project\task2_project.csproj", "{74696BAF-9828-4943-8E16-68A92758ACD9}"
EndProject
Global
	GlobalSection(SolutionConfigurationPlatforms) = preSolution
		Debug|Any CPU = Debug|Any CPU
		Release|Any CPU = Release|Any CPU
	EndGlobalSection
	GlobalSection(ProjectConfigurationPlatforms) = postSolution
		{74696BAF-9828-4943-8E16-68A92758ACD9}.Debug|Any CPU.ActiveCfg = Debug|Any CPU
		{74696BAF-9828-4943-8E16-68A92758ACD9}.Debug|Any CPU.Build.0 = Debug|Any CPU
		{74696BAF-9828-4943-8E16-68A92758ACD9}.Release|Any CPU.ActiveCfg = Release|Any CPU
		{74696BAF-9828-4943-8E16-68A92758ACD9}.Release|Any CPU.Build.0 = Release|Any CPU
	EndGlobalSection
	GlobalSection(SolutionProperties) = preSolution
		HideSolutionNode = FALSE
	EndGlobalSection
	GlobalSection(ExtensibilityGlobals) = postSolution
		SolutionGuid = {60933249-973B-40BD-8481-7510B13D7A4E}
	EndGlobalSection
EndGlobal
